
Microsoft Visual Studio Solution File, Format Version 12.00
# Visual Studio Version 17
VisualStudioVersion = 17.9.34622.214
MinimumVisualStudioVersion = 10.0.40219.1
Project("{FAE04EC0-301F-11D3-BF4B-00C04F79EFBC}") = "AccountsApiService", "AccountsApiService\AccountsApiService.csproj", "{DE9F8BE2-CAD4-4CBC-81BF-C0FC13E52D2B}"
EndProject
Global
	GlobalSection(SolutionConfigurationPlatforms) = preSolution
		Debug|Any CPU = Debug|Any CPU
		Release|Any CPU = Release|Any CPU
	EndGlobalSection
	GlobalSection(ProjectConfigurationPlatforms) = postSolution
		{DE9F8BE2-CAD4-4CBC-81BF-C0FC13E52D2B}.Debug|Any CPU.ActiveCfg = Debug|Any CPU
		{DE9F8BE2-CAD4-4CBC-81BF-C0FC13E52D2B}.Debug|Any CPU.Build.0 = Debug|Any CPU
		{DE9F8BE2-CAD4-4CBC-81BF-C0FC13E52D2B}.Release|Any CPU.ActiveCfg = Release|Any CPU
		{DE9F8BE2-CAD4-4CBC-81BF-C0FC13E52D2B}.Release|Any CPU.Build.0 = Release|Any CPU
	EndGlobalSection
	GlobalSection(SolutionProperties) = preSolution
		HideSolutionNode = FALSE
	EndGlobalSection
	GlobalSection(ExtensibilityGlobals) = postSolution
		SolutionGuid = {09C72222-4A50-4DBD-8B79-93878069003F}
	EndGlobalSection
EndGlobal
